
Microsoft Visual Studio Solution File, Format Version 12.00
# Visual Studio Version 16
VisualStudioVersion = 16.0.29521.150
MinimumVisualStudioVersion = 10.0.40219.1
Project("{FAE04EC0-301F-11D3-BF4B-00C04F79EFBC}") = "RelativeBindingTest.Android", "RelativeBindingTest\RelativeBindingTest.Android\RelativeBindingTest.Android.csproj", "{0B456283-1A53-4D5A-BC0C-DBFA8139B9FC}"
EndProject
Project("{FAE04EC0-301F-11D3-BF4B-00C04F79EFBC}") = "RelativeBindingTest", "RelativeBindingTest\RelativeBindingTest\RelativeBindingTest.csproj", "{CFE896D0-1473-4288-BA86-24FE9D7F8AF6}"
EndProject
Global
	GlobalSection(SolutionConfigurationPlatforms) = preSolution
		Debug|Any CPU = Debug|Any CPU
		Release|Any CPU = Release|Any CPU
	EndGlobalSection
	GlobalSection(ProjectConfigurationPlatforms) = postSolution
		{0B456283-1A53-4D5A-BC0C-DBFA8139B9FC}.Debug|Any CPU.ActiveCfg = Debug|Any CPU
		{0B456283-1A53-4D5A-BC0C-DBFA8139B9FC}.Debug|Any CPU.Build.0 = Debug|Any CPU
		{0B456283-1A53-4D5A-BC0C-DBFA8139B9FC}.Debug|Any CPU.Deploy.0 = Debug|Any CPU
		{0B456283-1A53-4D5A-BC0C-DBFA8139B9FC}.Release|Any CPU.ActiveCfg = Release|Any CPU
		{0B456283-1A53-4D5A-BC0C-DBFA8139B9FC}.Release|Any CPU.Build.0 = Release|Any CPU
		{0B456283-1A53-4D5A-BC0C-DBFA8139B9FC}.Release|Any CPU.Deploy.0 = Release|Any CPU
		{CFE896D0-1473-4288-BA86-24FE9D7F8AF6}.Debug|Any CPU.ActiveCfg = Debug|Any CPU
		{CFE896D0-1473-4288-BA86-24FE9D7F8AF6}.Debug|Any CPU.Build.0 = Debug|Any CPU
		{CFE896D0-1473-4288-BA86-24FE9D7F8AF6}.Debug|Any CPU.Deploy.0 = Debug|Any CPU
		{CFE896D0-1473-4288-BA86-24FE9D7F8AF6}.Release|Any CPU.ActiveCfg = Release|Any CPU
		{CFE896D0-1473-4288-BA86-24FE9D7F8AF6}.Release|Any CPU.Build.0 = Release|Any CPU
		{CFE896D0-1473-4288-BA86-24FE9D7F8AF6}.Release|Any CPU.Deploy.0 = Release|Any CPU
	EndGlobalSection
	GlobalSection(SolutionProperties) = preSolution
		HideSolutionNode = FALSE
	EndGlobalSection
	GlobalSection(ExtensibilityGlobals) = postSolution
		SolutionGuid = {ED1CBB10-91FC-46BE-A9B3-6817145116B1}
	EndGlobalSection
EndGlobal
